
Microsoft Visual Studio Solution File, Format Version 12.00
# Visual Studio Version 16
VisualStudioVersion = 16.0.32002.261
MinimumVisualStudioVersion = 10.0.40219.1
Project("{9A19103F-16F7-4668-BE54-9A1E7A4F7556}") = "MissionFour", "MissionFour.csproj", "{01185CAC-2F01-4F3A-9AF3-DCFEB320CBA0}"
EndProject
Global
	GlobalSection(SolutionConfigurationPlatforms) = preSolution
		Debug|Any CPU = Debug|Any CPU
		Release|Any CPU = Release|Any CPU
	EndGlobalSection
	GlobalSection(ProjectConfigurationPlatforms) = postSolution
		{01185CAC-2F01-4F3A-9AF3-DCFEB320CBA0}.Debug|Any CPU.ActiveCfg = Debug|Any CPU
		{01185CAC-2F01-4F3A-9AF3-DCFEB320CBA0}.Debug|Any CPU.Build.0 = Debug|Any CPU
		{01185CAC-2F01-4F3A-9AF3-DCFEB320CBA0}.Release|Any CPU.ActiveCfg = Release|Any CPU
		{01185CAC-2F01-4F3A-9AF3-DCFEB320CBA0}.Release|Any CPU.Build.0 = Release|Any CPU
	EndGlobalSection
	GlobalSection(SolutionProperties) = preSolution
		HideSolutionNode = FALSE
	EndGlobalSection
	GlobalSection(ExtensibilityGlobals) = postSolution
		SolutionGuid = {A9E904A4-6132-4CFC-89CA-11423A20BCCC}
	EndGlobalSection
EndGlobal
